# This file is generated by actionspack. Do not edit it manually.

lockfileVersion: 1
entries:
  .github/workflows/src/ci.yaml:
    output: .github/workflows/ci.yml
    dependencies:
      - package: github:actions/checkout
        requested: v6
        foundAt: .github/workflows/src/ci.yaml#jobs.check.steps[0].uses
  .github/workflows/src/release.yaml:
    output: .github/workflows/release.yml
    dependencies:
      - package: github:actions/checkout
        requested: v4
        foundAt: .github/workflows/src/release.yaml#jobs.publish.steps[0].uses
packages:
  github:actions/checkout:
    source: github
    owner: actions
    repo: checkout
    path: .
    type: external-action
    external: true
    contentDigest: sha256:5349b6eea0a1797a9a993c48db9d95b33d27ee1b6227ceced0c9cbf8e655c939
    dependencies: []
    requested: v6
    resolved: 34e114876b0b11c390a56381ad16ebd13914f8d5
